
Microsoft Visual Studio Solution File, Format Version 12.00
# Visual Studio Version 16
VisualStudioVersion = 16.0.29911.84
MinimumVisualStudioVersion = 10.0.40219.1
Project("{9A19103F-16F7-4668-BE54-9A1E7A4F7556}") = "procedural_dungeon_generator", "procedural_dungeon_generator\procedural_dungeon_generator.csproj", "{4F7FCAEF-2B0D-463F-B4AF-D21C26FA4C9B}"
EndProject
Project("{2150E333-8FDC-42A3-9474-1A3956D46DE8}") = "Solution Items", "Solution Items", "{E2495384-89E9-4800-92D7-703632BD5C1A}"
	ProjectSection(SolutionItems) = preProject
		readme.md = readme.md
	EndProjectSection
EndProject
Project("{FAE04EC0-301F-11D3-BF4B-00C04F79EFBC}") = "dungeon_generator_demo", "dungeon_generator_demo\dungeon_generator_demo.csproj", "{B4F2DB17-9B59-4E1E-AC66-8B15AFD42123}"
EndProject
Global
	GlobalSection(SolutionConfigurationPlatforms) = preSolution
		Debug|Any CPU = Debug|Any CPU
		Release|Any CPU = Release|Any CPU
	EndGlobalSection
	GlobalSection(ProjectConfigurationPlatforms) = postSolution
		{4F7FCAEF-2B0D-463F-B4AF-D21C26FA4C9B}.Debug|Any CPU.ActiveCfg = Debug|Any CPU
		{4F7FCAEF-2B0D-463F-B4AF-D21C26FA4C9B}.Debug|Any CPU.Build.0 = Debug|Any CPU
		{4F7FCAEF-2B0D-463F-B4AF-D21C26FA4C9B}.Release|Any CPU.ActiveCfg = Release|Any CPU
		{4F7FCAEF-2B0D-463F-B4AF-D21C26FA4C9B}.Release|Any CPU.Build.0 = Release|Any CPU
		{B4F2DB17-9B59-4E1E-AC66-8B15AFD42123}.Debug|Any CPU.ActiveCfg = Debug|Any CPU
		{B4F2DB17-9B59-4E1E-AC66-8B15AFD42123}.Debug|Any CPU.Build.0 = Debug|Any CPU
		{B4F2DB17-9B59-4E1E-AC66-8B15AFD42123}.Release|Any CPU.ActiveCfg = Release|Any CPU
		{B4F2DB17-9B59-4E1E-AC66-8B15AFD42123}.Release|Any CPU.Build.0 = Release|Any CPU
	EndGlobalSection
	GlobalSection(SolutionProperties) = preSolution
		HideSolutionNode = FALSE
	EndGlobalSection
	GlobalSection(ExtensibilityGlobals) = postSolution
		SolutionGuid = {1C61D7AD-9CE9-48C7-A63C-82EDF319D9DB}
	EndGlobalSection
EndGlobal
